
Microsoft Visual Studio Solution File, Format Version 12.00
# Visual Studio 2013
VisualStudioVersion = 12.0.40629.0
MinimumVisualStudioVersion = 10.0.40219.1
Project("{FAE04EC0-301F-11D3-BF4B-00C04F79EFBC}") = "HoneyApp", "HoneyApp\HoneyApp.csproj", "{F935FB39-6317-4043-B262-8ED1086AC546}"
EndProject
Project("{FAE04EC0-301F-11D3-BF4B-00C04F79EFBC}") = "XmlDataProvider", "XmlDataProvider\XmlDataProvider.csproj", "{389E6F17-21D1-422A-8D80-C81B91AC8E65}"
EndProject
Global
	GlobalSection(SolutionConfigurationPlatforms) = preSolution
		Debug|Any CPU = Debug|Any CPU
		Release|Any CPU = Release|Any CPU
	EndGlobalSection
	GlobalSection(ProjectConfigurationPlatforms) = postSolution
		{F935FB39-6317-4043-B262-8ED1086AC546}.Debug|Any CPU.ActiveCfg = Debug|Any CPU
		{F935FB39-6317-4043-B262-8ED1086AC546}.Debug|Any CPU.Build.0 = Debug|Any CPU
		{F935FB39-6317-4043-B262-8ED1086AC546}.Release|Any CPU.ActiveCfg = Release|Any CPU
		{F935FB39-6317-4043-B262-8ED1086AC546}.Release|Any CPU.Build.0 = Release|Any CPU
		{389E6F17-21D1-422A-8D80-C81B91AC8E65}.Debug|Any CPU.ActiveCfg = Debug|Any CPU
		{389E6F17-21D1-422A-8D80-C81B91AC8E65}.Debug|Any CPU.Build.0 = Debug|Any CPU
		{389E6F17-21D1-422A-8D80-C81B91AC8E65}.Release|Any CPU.ActiveCfg = Release|Any CPU
		{389E6F17-21D1-422A-8D80-C81B91AC8E65}.Release|Any CPU.Build.0 = Release|Any CPU
	EndGlobalSection
	GlobalSection(SolutionProperties) = preSolution
		HideSolutionNode = FALSE
	EndGlobalSection
EndGlobal
